{
    "version": 3,
    "terraform_version": "0.11.5",
    "serial": 4,
    "lineage": "69af1129-9955-e85a-658f-a142632abc2c",
    "modules": [
        {
            "path": [
                "root"
            ],
            "outputs": {},
            "resources": {},
            "depends_on": []
        },
        {
            "path": [
                "root",
                "container"
            ],
            "outputs": {
                "container_name": {
                    "sensitive": false,
                    "type": "string",
                    "value": "container_ghost_prod"
                }
            },
            "resources": {
                "docker_container.container_id": {
                    "type": "docker_container",
                    "depends_on": [],
                    "primary": {
                        "id": "39759b2242ce3b5946bc12524692b1cbd7ed5be023a2c5f61cab956633f3c70b",
                        "attributes": {
                            "attach": "false",
                            "id": "39759b2242ce3b5946bc12524692b1cbd7ed5be023a2c5f61cab956633f3c70b",
                            "image": "sha256:f51edc7bf91399a08ccf2ea5296341f4813cec871e5af1acf935a683b1959731",
                            "log_driver": "json-file",
                            "logs": "false",
                            "must_run": "true",
                            "name": "container_ghost_prod",
                            "ports.#": "1",
                            "ports.0.external": "90",
                            "ports.0.internal": "2368",
                            "ports.0.ip": "0.0.0.0",
                            "ports.0.protocol": "tcp",
                            "restart": "no",
                            "rm": "false",
                            "start": "true"
                        },
                        "meta": {
                            "schema_version": "1"
                        },
                        "tainted": false
                    },
                    "deposed": [],
                    "provider": "provider.docker"
                }
            },
            "depends_on": []
        },
        {
            "path": [
                "root",
                "image"
            ],
            "outputs": {
                "image_out": {
                    "sensitive": false,
                    "type": "string",
                    "value": "sha256:f51edc7bf91399a08ccf2ea5296341f4813cec871e5af1acf935a683b1959731"
                }
            },
            "resources": {
                "docker_image.image_id": {
                    "type": "docker_image",
                    "depends_on": [],
                    "primary": {
                        "id": "sha256:f51edc7bf91399a08ccf2ea5296341f4813cec871e5af1acf935a683b1959731ghost:latest",
                        "attributes": {
                            "id": "sha256:f51edc7bf91399a08ccf2ea5296341f4813cec871e5af1acf935a683b1959731ghost:latest",
                            "latest": "sha256:f51edc7bf91399a08ccf2ea5296341f4813cec871e5af1acf935a683b1959731",
                            "name": "ghost:latest"
                        },
                        "meta": {},
                        "tainted": false
                    },
                    "deposed": [],
                    "provider": "provider.docker"
                }
            },
            "depends_on": []
        }
    ]
}
